
Microsoft Visual Studio Solution File, Format Version 12.00
# Visual Studio Version 17
VisualStudioVersion = 17.11.35303.130
MinimumVisualStudioVersion = 10.0.40219.1
Project("{FAE04EC0-301F-11D3-BF4B-00C04F79EFBC}") = "PokemonLucha", "PokemonLucha.csproj", "{B386BEB7-157F-4E6E-B835-35C87CFC6B55}"
EndProject
Global
	GlobalSection(SolutionConfigurationPlatforms) = preSolution
		Debug|Any CPU = Debug|Any CPU
		Release|Any CPU = Release|Any CPU
	EndGlobalSection
	GlobalSection(ProjectConfigurationPlatforms) = postSolution
		{B386BEB7-157F-4E6E-B835-35C87CFC6B55}.Debug|Any CPU.ActiveCfg = Debug|Any CPU
		{B386BEB7-157F-4E6E-B835-35C87CFC6B55}.Debug|Any CPU.Build.0 = Debug|Any CPU
		{B386BEB7-157F-4E6E-B835-35C87CFC6B55}.Release|Any CPU.ActiveCfg = Release|Any CPU
		{B386BEB7-157F-4E6E-B835-35C87CFC6B55}.Release|Any CPU.Build.0 = Release|Any CPU
	EndGlobalSection
	GlobalSection(SolutionProperties) = preSolution
		HideSolutionNode = FALSE
	EndGlobalSection
	GlobalSection(ExtensibilityGlobals) = postSolution
		SolutionGuid = {154D3868-9874-4509-81AA-A6F194A02837}
	EndGlobalSection
EndGlobal
